
Microsoft Visual Studio Solution File, Format Version 12.00
# Visual Studio 15
VisualStudioVersion = 15.0.28010.2048
MinimumVisualStudioVersion = 10.0.40219.1
Project("{FAE04EC0-301F-11D3-BF4B-00C04F79EFBC}") = "Maps.Android", "Maps\Maps.Android\Maps.Android.csproj", "{C76A7D7E-417D-4602-BEB6-839D0128970F}"
EndProject
Project("{FAE04EC0-301F-11D3-BF4B-00C04F79EFBC}") = "Maps.iOS", "Maps\Maps.iOS\Maps.iOS.csproj", "{8CA3969A-3287-439A-A377-AE3EBCA6301D}"
EndProject
Project("{FAE04EC0-301F-11D3-BF4B-00C04F79EFBC}") = "Maps", "Maps\Maps\Maps.csproj", "{DDDF0E77-3360-4D60-B4A2-9E037435823D}"
EndProject
Global
	GlobalSection(SolutionConfigurationPlatforms) = preSolution
		Ad-Hoc|Any CPU = Ad-Hoc|Any CPU
		Ad-Hoc|iPhone = Ad-Hoc|iPhone
		Ad-Hoc|iPhoneSimulator = Ad-Hoc|iPhoneSimulator
		AppStore|Any CPU = AppStore|Any CPU
		AppStore|iPhone = AppStore|iPhone
		AppStore|iPhoneSimulator = AppStore|iPhoneSimulator
		Debug|Any CPU = Debug|Any CPU
		Debug|iPhone = Debug|iPhone
		Debug|iPhoneSimulator = Debug|iPhoneSimulator
		Release|Any CPU = Release|Any CPU
		Release|iPhone = Release|iPhone
		Release|iPhoneSimulator = Release|iPhoneSimulator
	EndGlobalSection
	GlobalSection(ProjectConfigurationPlatforms) = postSolution
		{C76A7D7E-417D-4602-BEB6-839D0128970F}.Ad-Hoc|Any CPU.ActiveCfg = Release|Any CPU
		{C76A7D7E-417D-4602-BEB6-839D0128970F}.Ad-Hoc|Any CPU.Build.0 = Release|Any CPU
		{C76A7D7E-417D-4602-BEB6-839D0128970F}.Ad-Hoc|Any CPU.Deploy.0 = Release|Any CPU
		{C76A7D7E-417D-4602-BEB6-839D0128970F}.Ad-Hoc|iPhone.ActiveCfg = Release|Any CPU
		{C76A7D7E-417D-4602-BEB6-839D0128970F}.Ad-Hoc|iPhone.Build.0 = Release|Any CPU
		{C76A7D7E-417D-4602-BEB6-839D0128970F}.Ad-Hoc|iPhone.Deploy.0 = Release|Any CPU
		{C76A7D7E-417D-4602-BEB6-839D0128970F}.Ad-Hoc|iPhoneSimulator.ActiveCfg = Release|Any CPU
		{C76A7D7E-417D-4602-BEB6-839D0128970F}.Ad-Hoc|iPhoneSimulator.Build.0 = Release|Any CPU
		{C76A7D7E-417D-4602-BEB6-839D0128970F}.Ad-Hoc|iPhoneSimulator.Deploy.0 = Release|Any CPU
		{C76A7D7E-417D-4602-BEB6-839D0128970F}.AppStore|Any CPU.ActiveCfg = Release|Any CPU
		{C76A7D7E-417D-4602-BEB6-839D0128970F}.AppStore|Any CPU.Build.0 = Release|Any CPU
		{C76A7D7E-417D-4602-BEB6-839D0128970F}.AppStore|Any CPU.Deploy.0 = Release|Any CPU
		{C76A7D7E-417D-4602-BEB6-839D0128970F}.AppStore|iPhone.ActiveCfg = Release|Any CPU
		{C76A7D7E-417D-4602-BEB6-839D0128970F}.AppStore|iPhone.Build.0 = Release|Any CPU
		{C76A7D7E-417D-4602-BEB6-839D0128970F}.AppStore|iPhone.Deploy.0 = Release|Any CPU
		{C76A7D7E-417D-4602-BEB6-839D0128970F}.AppStore|iPhoneSimulator.ActiveCfg = Release|Any CPU
		{C76A7D7E-417D-4602-BEB6-839D0128970F}.AppStore|iPhoneSimulator.Build.0 = Release|Any CPU
		{C76A7D7E-417D-4602-BEB6-839D0128970F}.AppStore|iPhoneSimulator.Deploy.0 = Release|Any CPU
		{C76A7D7E-417D-4602-BEB6-839D0128970F}.Debug|Any CPU.ActiveCfg = Debug|Any CPU
		{C76A7D7E-417D-4602-BEB6-839D0128970F}.Debug|Any CPU.Build.0 = Debug|Any CPU
		{C76A7D7E-417D-4602-BEB6-839D0128970F}.Debug|Any CPU.Deploy.0 = Debug|Any CPU
		{C76A7D7E-417D-4602-BEB6-839D0128970F}.Debug|iPhone.ActiveCfg = Debug|Any CPU
		{C76A7D7E-417D-4602-BEB6-839D0128970F}.Debug|iPhone.Build.0 = Debug|Any CPU
		{C76A7D7E-417D-4602-BEB6-839D0128970F}.Debug|iPhone.Deploy.0 = Debug|Any CPU
		{C76A7D7E-417D-4602-BEB6-839D0128970F}.Debug|iPhoneSimulator.ActiveCfg = Debug|Any CPU
		{C76A7D7E-417D-4602-BEB6-839D0128970F}.Debug|iPhoneSimulator.Build.0 = Debug|Any CPU
		{C76A7D7E-417D-4602-BEB6-839D0128970F}.Debug|iPhoneSimulator.Deploy.0 = Debug|Any CPU
		{C76A7D7E-417D-4602-BEB6-839D0128970F}.Release|Any CPU.ActiveCfg = Release|Any CPU
		{C76A7D7E-417D-4602-BEB6-839D0128970F}.Release|Any CPU.Build.0 = Release|Any CPU
		{C76A7D7E-417D-4602-BEB6-839D0128970F}.Release|Any CPU.Deploy.0 = Release|Any CPU
		{C76A7D7E-417D-4602-BEB6-839D0128970F}.Release|iPhone.ActiveCfg = Release|Any CPU
		{C76A7D7E-417D-4602-BEB6-839D0128970F}.Release|iPhone.Build.0 = Release|Any CPU
		{C76A7D7E-417D-4602-BEB6-839D0128970F}.Release|iPhone.Deploy.0 = Release|Any CPU
		{C76A7D7E-417D-4602-BEB6-839D0128970F}.Release|iPhoneSimulator.ActiveCfg = Release|Any CPU
		{C76A7D7E-417D-4602-BEB6-839D0128970F}.Release|iPhoneSimulator.Build.0 = Release|Any CPU
		{C76A7D7E-417D-4602-BEB6-839D0128970F}.Release|iPhoneSimulator.Deploy.0 = Release|Any CPU
		{8CA3969A-3287-439A-A377-AE3EBCA6301D}.Ad-Hoc|Any CPU.ActiveCfg = Ad-Hoc|iPhone
		{8CA3969A-3287-439A-A377-AE3EBCA6301D}.Ad-Hoc|Any CPU.Build.0 = Ad-Hoc|iPhone
		{8CA3969A-3287-439A-A377-AE3EBCA6301D}.Ad-Hoc|Any CPU.Deploy.0 = Ad-Hoc|iPhone
		{8CA3969A-3287-439A-A377-AE3EBCA6301D}.Ad-Hoc|iPhone.ActiveCfg = Ad-Hoc|iPhone
		{8CA3969A-3287-439A-A377-AE3EBCA6301D}.Ad-Hoc|iPhone.Build.0 = Ad-Hoc|iPhone
		{8CA3969A-3287-439A-A377-AE3EBCA6301D}.Ad-Hoc|iPhone.Deploy.0 = Ad-Hoc|iPhone
		{8CA3969A-3287-439A-A377-AE3EBCA6301D}.Ad-Hoc|iPhoneSimulator.ActiveCfg = Ad-Hoc|iPhoneSimulator
		{8CA3969A-3287-439A-A377-AE3EBCA6301D}.Ad-Hoc|iPhoneSimulator.Build.0 = Ad-Hoc|iPhoneSimulator
		{8CA3969A-3287-439A-A377-AE3EBCA6301D}.Ad-Hoc|iPhoneSimulator.Deploy.0 = Ad-Hoc|iPhoneSimulator
		{8CA3969A-3287-439A-A377-AE3EBCA6301D}.AppStore|Any CPU.ActiveCfg = AppStore|iPhone
		{8CA3969A-3287-439A-A377-AE3EBCA6301D}.AppStore|Any CPU.Build.0 = AppStore|iPhone
		{8CA3969A-3287-439A-A377-AE3EBCA6301D}.AppStore|Any CPU.Deploy.0 = AppStore|iPhone
		{8CA3969A-3287-439A-A377-AE3EBCA6301D}.AppStore|iPhone.ActiveCfg = AppStore|iPhone
		{8CA3969A-3287-439A-A377-AE3EBCA6301D}.AppStore|iPhone.Build.0 = AppStore|iPhone
		{8CA3969A-3287-439A-A377-AE3EBCA6301D}.AppStore|iPhone.Deploy.0 = AppStore|iPhone
		{8CA3969A-3287-439A-A377-AE3EBCA6301D}.AppStore|iPhoneSimulator.ActiveCfg = AppStore|iPhoneSimulator
		{8CA3969A-3287-439A-A377-AE3EBCA6301D}.AppStore|iPhoneSimulator.Build.0 = AppStore|iPhoneSimulator
		{8CA3969A-3287-439A-A377-AE3EBCA6301D}.AppStore|iPhoneSimulator.Deploy.0 = AppStore|iPhoneSimulator
		{8CA3969A-3287-439A-A377-AE3EBCA6301D}.Debug|Any CPU.ActiveCfg = Debug|iPhoneSimulator
		{8CA3969A-3287-439A-A377-AE3EBCA6301D}.Debug|Any CPU.Build.0 = Debug|iPhoneSimulator
		{8CA3969A-3287-439A-A377-AE3EBCA6301D}.Debug|Any CPU.Deploy.0 = Debug|iPhoneSimulator
		{8CA3969A-3287-439A-A377-AE3EBCA6301D}.Debug|iPhone.ActiveCfg = Debug|iPhone
		{8CA3969A-3287-439A-A377-AE3EBCA6301D}.Debug|iPhone.Build.0 = Debug|iPhone
		{8CA3969A-3287-439A-A377-AE3EBCA6301D}.Debug|iPhone.Deploy.0 = Debug|iPhone
		{8CA3969A-3287-439A-A377-AE3EBCA6301D}.Debug|iPhoneSimulator.ActiveCfg = Debug|iPhoneSimulator
		{8CA3969A-3287-439A-A377-AE3EBCA6301D}.Debug|iPhoneSimulator.Build.0 = Debug|iPhoneSimulator
		{8CA3969A-3287-439A-A377-AE3EBCA6301D}.Debug|iPhoneSimulator.Deploy.0 = Debug|iPhoneSimulator
		{8CA3969A-3287-439A-A377-AE3EBCA6301D}.Release|Any CPU.ActiveCfg = Release|iPhone
		{8CA3969A-3287-439A-A377-AE3EBCA6301D}.Release|Any CPU.Build.0 = Release|iPhone
		{8CA3969A-3287-439A-A377-AE3EBCA6301D}.Release|Any CPU.Deploy.0 = Release|iPhone
		{8CA3969A-3287-439A-A377-AE3EBCA6301D}.Release|iPhone.ActiveCfg = Release|iPhone
		{8CA3969A-3287-439A-A377-AE3EBCA6301D}.Release|iPhone.Build.0 = Release|iPhone
		{8CA3969A-3287-439A-A377-AE3EBCA6301D}.Release|iPhone.Deploy.0 = Release|iPhone
		{8CA3969A-3287-439A-A377-AE3EBCA6301D}.Release|iPhoneSimulator.ActiveCfg = Release|iPhoneSimulator
		{8CA3969A-3287-439A-A377-AE3EBCA6301D}.Release|iPhoneSimulator.Build.0 = Release|iPhoneSimulator
		{8CA3969A-3287-439A-A377-AE3EBCA6301D}.Release|iPhoneSimulator.Deploy.0 = Release|iPhoneSimulator
		{DDDF0E77-3360-4D60-B4A2-9E037435823D}.Ad-Hoc|Any CPU.ActiveCfg = Debug|Any CPU
		{DDDF0E77-3360-4D60-B4A2-9E037435823D}.Ad-Hoc|Any CPU.Build.0 = Debug|Any CPU
		{DDDF0E77-3360-4D60-B4A2-9E037435823D}.Ad-Hoc|Any CPU.Deploy.0 = Debug|Any CPU
		{DDDF0E77-3360-4D60-B4A2-9E037435823D}.Ad-Hoc|iPhone.ActiveCfg = Debug|Any CPU
		{DDDF0E77-3360-4D60-B4A2-9E037435823D}.Ad-Hoc|iPhone.Build.0 = Debug|Any CPU
		{DDDF0E77-3360-4D60-B4A2-9E037435823D}.Ad-Hoc|iPhone.Deploy.0 = Debug|Any CPU
		{DDDF0E77-3360-4D60-B4A2-9E037435823D}.Ad-Hoc|iPhoneSimulator.ActiveCfg = Debug|Any CPU
		{DDDF0E77-3360-4D60-B4A2-9E037435823D}.Ad-Hoc|iPhoneSimulator.Build.0 = Debug|Any CPU
		{DDDF0E77-3360-4D60-B4A2-9E037435823D}.Ad-Hoc|iPhoneSimulator.Deploy.0 = Debug|Any CPU
		{DDDF0E77-3360-4D60-B4A2-9E037435823D}.AppStore|Any CPU.ActiveCfg = Debug|Any CPU
		{DDDF0E77-3360-4D60-B4A2-9E037435823D}.AppStore|Any CPU.Build.0 = Debug|Any CPU
		{DDDF0E77-3360-4D60-B4A2-9E037435823D}.AppStore|Any CPU.Deploy.0 = Debug|Any CPU
		{DDDF0E77-3360-4D60-B4A2-9E037435823D}.AppStore|iPhone.ActiveCfg = Debug|Any CPU
		{DDDF0E77-3360-4D60-B4A2-9E037435823D}.AppStore|iPhone.Build.0 = Debug|Any CPU
		{DDDF0E77-3360-4D60-B4A2-9E037435823D}.AppStore|iPhone.Deploy.0 = Debug|Any CPU
		{DDDF0E77-3360-4D60-B4A2-9E037435823D}.AppStore|iPhoneSimulator.ActiveCfg = Debug|Any CPU
		{DDDF0E77-3360-4D60-B4A2-9E037435823D}.AppStore|iPhoneSimulator.Build.0 = Debug|Any CPU
		{DDDF0E77-3360-4D60-B4A2-9E037435823D}.AppStore|iPhoneSimulator.Deploy.0 = Debug|Any CPU
		{DDDF0E77-3360-4D60-B4A2-9E037435823D}.Debug|Any CPU.ActiveCfg = Debug|Any CPU
		{DDDF0E77-3360-4D60-B4A2-9E037435823D}.Debug|Any CPU.Build.0 = Debug|Any CPU
		{DDDF0E77-3360-4D60-B4A2-9E037435823D}.Debug|Any CPU.Deploy.0 = Debug|Any CPU
		{DDDF0E77-3360-4D60-B4A2-9E037435823D}.Debug|iPhone.ActiveCfg = Debug|Any CPU
		{DDDF0E77-3360-4D60-B4A2-9E037435823D}.Debug|iPhone.Build.0 = Debug|Any CPU
		{DDDF0E77-3360-4D60-B4A2-9E037435823D}.Debug|iPhone.Deploy.0 = Debug|Any CPU
		{DDDF0E77-3360-4D60-B4A2-9E037435823D}.Debug|iPhoneSimulator.ActiveCfg = Debug|Any CPU
		{DDDF0E77-3360-4D60-B4A2-9E037435823D}.Debug|iPhoneSimulator.Build.0 = Debug|Any CPU
		{DDDF0E77-3360-4D60-B4A2-9E037435823D}.Debug|iPhoneSimulator.Deploy.0 = Debug|Any CPU
		{DDDF0E77-3360-4D60-B4A2-9E037435823D}.Release|Any CPU.ActiveCfg = Release|Any CPU
		{DDDF0E77-3360-4D60-B4A2-9E037435823D}.Release|Any CPU.Build.0 = Release|Any CPU
		{DDDF0E77-3360-4D60-B4A2-9E037435823D}.Release|Any CPU.Deploy.0 = Release|Any CPU
		{DDDF0E77-3360-4D60-B4A2-9E037435823D}.Release|iPhone.ActiveCfg = Release|Any CPU
		{DDDF0E77-3360-4D60-B4A2-9E037435823D}.Release|iPhone.Build.0 = Release|Any CPU
		{DDDF0E77-3360-4D60-B4A2-9E037435823D}.Release|iPhone.Deploy.0 = Release|Any CPU
		{DDDF0E77-3360-4D60-B4A2-9E037435823D}.Release|iPhoneSimulator.ActiveCfg = Release|Any CPU
		{DDDF0E77-3360-4D60-B4A2-9E037435823D}.Release|iPhoneSimulator.Build.0 = Release|Any CPU
		{DDDF0E77-3360-4D60-B4A2-9E037435823D}.Release|iPhoneSimulator.Deploy.0 = Release|Any CPU
	EndGlobalSection
	GlobalSection(SolutionProperties) = preSolution
		HideSolutionNode = FALSE
	EndGlobalSection
	GlobalSection(ExtensibilityGlobals) = postSolution
		SolutionGuid = {FBFDF0D3-3D04-4453-A9A1-0AE7A39A3F2E}
	EndGlobalSection
EndGlobal
